{
  "pins" : [
    {
      "identity" : "desert-ant-core",
      "kind" : "remoteSourceControl",
      "location" : "https://github.com/Desert-Ant-Labs/desert-ant-core.git",
      "state" : {
        "revision" : "e0271fda6d9b4f561d283ba6cbdf44bf0a3c7980"
      }
    },
    {
      "identity" : "swift-numerics",
      "kind" : "remoteSourceControl",
      "location" : "https://github.com/apple/swift-numerics",
      "state" : {
        "revision" : "0c0290ff6b24942dadb83a929ffaaa1481df04a2",
        "version" : "1.1.1"
      }
    }
  ],
  "version" : 2
}
